
Microsoft Visual Studio Solution File, Format Version 12.00
# Visual Studio Version 17
VisualStudioVersion = 17.5.33414.496
MinimumVisualStudioVersion = 10.0.40219.1
Project("{FAE04EC0-301F-11D3-BF4B-00C04F79EFBC}") = "OnCallDeveloperApi", "OnCallDeveloperApi\OnCallDeveloperApi.csproj", "{9816CB5B-7519-41D9-8C18-950AE9843505}"
EndProject
Project("{FAE04EC0-301F-11D3-BF4B-00C04F79EFBC}") = "OnCallDeveloperApi.IntegrationTests", "OnCallDeveloperApi.IntegrationTests\OnCallDeveloperApi.IntegrationTests.csproj", "{BE16B294-CF4A-48CA-9ECF-8ADEF5C980B6}"
EndProject
Global
	GlobalSection(SolutionConfigurationPlatforms) = preSolution
		Debug|Any CPU = Debug|Any CPU
		Release|Any CPU = Release|Any CPU
	EndGlobalSection
	GlobalSection(ProjectConfigurationPlatforms) = postSolution
		{9816CB5B-7519-41D9-8C18-950AE9843505}.Debug|Any CPU.ActiveCfg = Debug|Any CPU
		{9816CB5B-7519-41D9-8C18-950AE9843505}.Debug|Any CPU.Build.0 = Debug|Any CPU
		{9816CB5B-7519-41D9-8C18-950AE9843505}.Release|Any CPU.ActiveCfg = Release|Any CPU
		{9816CB5B-7519-41D9-8C18-950AE9843505}.Release|Any CPU.Build.0 = Release|Any CPU
		{BE16B294-CF4A-48CA-9ECF-8ADEF5C980B6}.Debug|Any CPU.ActiveCfg = Debug|Any CPU
		{BE16B294-CF4A-48CA-9ECF-8ADEF5C980B6}.Debug|Any CPU.Build.0 = Debug|Any CPU
		{BE16B294-CF4A-48CA-9ECF-8ADEF5C980B6}.Release|Any CPU.ActiveCfg = Release|Any CPU
		{BE16B294-CF4A-48CA-9ECF-8ADEF5C980B6}.Release|Any CPU.Build.0 = Release|Any CPU
	EndGlobalSection
	GlobalSection(SolutionProperties) = preSolution
		HideSolutionNode = FALSE
	EndGlobalSection
	GlobalSection(ExtensibilityGlobals) = postSolution
		SolutionGuid = {45B3B22F-3344-4F58-87B4-1D61D6FBE5F1}
	EndGlobalSection
EndGlobal
